
Microsoft Visual Studio Solution File, Format Version 12.00
# Visual Studio Version 16
VisualStudioVersion = 16.0.31515.178
MinimumVisualStudioVersion = 10.0.40219.1
Project("{FAE04EC0-301F-11D3-BF4B-00C04F79EFBC}") = "Expractico", "Expractico\Expractico.csproj", "{0A0E79A4-0E7D-494D-9715-1E97BD738C5D}"
EndProject
Global
	GlobalSection(SolutionConfigurationPlatforms) = preSolution
		Debug|Any CPU = Debug|Any CPU
		Release|Any CPU = Release|Any CPU
	EndGlobalSection
	GlobalSection(ProjectConfigurationPlatforms) = postSolution
		{0A0E79A4-0E7D-494D-9715-1E97BD738C5D}.Debug|Any CPU.ActiveCfg = Debug|Any CPU
		{0A0E79A4-0E7D-494D-9715-1E97BD738C5D}.Debug|Any CPU.Build.0 = Debug|Any CPU
		{0A0E79A4-0E7D-494D-9715-1E97BD738C5D}.Release|Any CPU.ActiveCfg = Release|Any CPU
		{0A0E79A4-0E7D-494D-9715-1E97BD738C5D}.Release|Any CPU.Build.0 = Release|Any CPU
	EndGlobalSection
	GlobalSection(SolutionProperties) = preSolution
		HideSolutionNode = FALSE
	EndGlobalSection
	GlobalSection(ExtensibilityGlobals) = postSolution
		SolutionGuid = {A442C70C-3297-489F-8911-82E93E012E10}
	EndGlobalSection
EndGlobal
